# THIS IS AN AUTOGENERATED FILE. DO NOT EDIT THIS FILE DIRECTLY.
# yarn lockfile v1


wumpfetch@^0.0.5:
  version "0.0.5"
  resolved "https://registry.yarnpkg.com/wumpfetch/-/wumpfetch-0.0.5.tgz#c9afe264eb4190b9e4ecb5839c98e0a2c9ecf143"
  integrity sha512-FqLFJCPX7A61egdlGQ6yK9eTWkHP1+n2+BJoW6S+1foRzqiV9sr2b9Tdw+w/jnW7MqcqZ+j1SAmcKfVxSYsEgA==
