# THIS IS AN AUTOGENERATED FILE. DO NOT EDIT THIS FILE DIRECTLY.
# yarn lockfile v1


wumpfetch@^0.2.0:
  version "0.2.0"
  resolved "https://registry.yarnpkg.com/wumpfetch/-/wumpfetch-0.2.0.tgz#fb3aba196c9b4dfade3f29f3612941ee57426902"
  integrity sha512-PfsEQ+DJiicHnjkg0NQW0e927CSU1MZtgQRVQZKdD6r5o0wb/lXAVN6pDEZ2zVlcxQ9PoEhRHbGDx91tfcG5Ng==
